// !$*UTF8*$!
{
	archiveVersion = 1;
	classes = {
	};
	objectVersion = 56;
	objects = {

/* Begin PBXBuildFile section */
		1DD0A959CAAA17C3A93E0038 /* Pods_Thoughts.framework in Frameworks */ = {isa = PBXBuildFile; fileRef = 175BBDD346E6D10FF0294CA1 /* Pods_Thoughts.framework */; };
		776E0A5829A4B5EE00343F99 /* GoogleService-Info.plist in Resources */ = {isa = PBXBuildFile; fileRef = 776E0A5729A4B5EE00343F99 /* GoogleService-Info.plist */; };
		776E0A5A29A4BDCE00343F99 /* User.swift in Sources */ = {isa = PBXBuildFile; fileRef = 776E0A5929A4BDCE00343F99 /* User.swift */; };
		776E0A5C29A4BDDC00343F99 /* BlogPost.swift in Sources */ = {isa = PBXBuildFile; fileRef = 776E0A5B29A4BDDB00343F99 /* BlogPost.swift */; };
		7784F9B629A3DF2900487832 /* AppDelegate.swift in Sources */ = {isa = PBXBuildFile; fileRef = 7784F9B529A3DF2900487832 /* AppDelegate.swift */; };
		7784F9B829A3DF2900487832 /* SceneDelegate.swift in Sources */ = {isa = PBXBuildFile; fileRef = 7784F9B729A3DF2900487832 /* SceneDelegate.swift */; };
		7784F9BA29A3DF2900487832 /* HomeViewController.swift in Sources */ = {isa = PBXBuildFile; fileRef = 7784F9B929A3DF2900487832 /* HomeViewController.swift */; };
		7784F9BF29A3DF2A00487832 /* Assets.xcassets in Resources */ = {isa = PBXBuildFile; fileRef = 7784F9BE29A3DF2A00487832 /* Assets.xcassets */; };
		7784F9C229A3DF2A00487832 /* LaunchScreen.storyboard in Resources */ = {isa = PBXBuildFile; fileRef = 7784F9C029A3DF2A00487832 /* LaunchScreen.storyboard */; };
		7784F9CF29A3E17300487832 /* ProfileViewController.swift in Sources */ = {isa = PBXBuildFile; fileRef = 7784F9CE29A3E17300487832 /* ProfileViewController.swift */; };
		7784F9D129A3E18700487832 /* SignInViewController.swift in Sources */ = {isa = PBXBuildFile; fileRef = 7784F9D029A3E18700487832 /* SignInViewController.swift */; };
		7784F9D329A3E19000487832 /* SignUpViewController.swift in Sources */ = {isa = PBXBuildFile; fileRef = 7784F9D229A3E19000487832 /* SignUpViewController.swift */; };
		7784F9D529A3E1A200487832 /* ViewPostViewController.swift in Sources */ = {isa = PBXBuildFile; fileRef = 7784F9D429A3E1A200487832 /* ViewPostViewController.swift */; };
		7784F9D729A3E1BC00487832 /* CreateNewPostViewController.swift in Sources */ = {isa = PBXBuildFile; fileRef = 7784F9D629A3E1BC00487832 /* CreateNewPostViewController.swift */; };
		7784F9D929A3E1E500487832 /* TabBarViewController.swift in Sources */ = {isa = PBXBuildFile; fileRef = 7784F9D829A3E1E500487832 /* TabBarViewController.swift */; };
		7784F9DB29A3E25900487832 /* IAPManager.swift in Sources */ = {isa = PBXBuildFile; fileRef = 7784F9DA29A3E25800487832 /* IAPManager.swift */; };
		7784F9DD29A3E26800487832 /* DataBaseManager.swift in Sources */ = {isa = PBXBuildFile; fileRef = 7784F9DC29A3E26800487832 /* DataBaseManager.swift */; };
		7784F9DF29A3E27200487832 /* AuthManager.swift in Sources */ = {isa = PBXBuildFile; fileRef = 7784F9DE29A3E27200487832 /* AuthManager.swift */; };
		7784F9E129A3E27E00487832 /* StorageManager.swift in Sources */ = {isa = PBXBuildFile; fileRef = 7784F9E029A3E27E00487832 /* StorageManager.swift */; };
/* End PBXBuildFile section */

/* Begin PBXFileReference section */
		175BBDD346E6D10FF0294CA1 /* Pods_Thoughts.framework */ = {isa = PBXFileReference; explicitFileType = wrapper.framework; includeInIndex = 0; path = Pods_Thoughts.framework; sourceTree = BUILT_PRODUCTS_DIR; };
		776E0A5729A4B5EE00343F99 /* GoogleService-Info.plist */ = {isa = PBXFileReference; fileEncoding = 4; lastKnownFileType = text.plist.xml; path = "GoogleService-Info.plist"; sourceTree = "<group>"; };
		776E0A5929A4BDCE00343F99 /* User.swift */ = {isa = PBXFileReference; lastKnownFileType = sourcecode.swift; path = User.swift; sourceTree = "<group>"; };
		776E0A5B29A4BDDB00343F99 /* BlogPost.swift */ = {isa = PBXFileReference; lastKnownFileType = sourcecode.swift; path = BlogPost.swift; sourceTree = "<group>"; };
		7784F9B229A3DF2900487832 /* Thoughts.app */ = {isa = PBXFileReference; explicitFileType = wrapper.application; includeInIndex = 0; path = Thoughts.app; sourceTree = BUILT_PRODUCTS_DIR; };
		7784F9B529A3DF2900487832 /* AppDelegate.swift */ = {isa = PBXFileReference; lastKnownFileType = sourcecode.swift; path = AppDelegate.swift; sourceTree = "<group>"; };
		7784F9B729A3DF2900487832 /* SceneDelegate.swift */ = {isa = PBXFileReference; lastKnownFileType = sourcecode.swift; path = SceneDelegate.swift; sourceTree = "<group>"; };
		7784F9B929A3DF2900487832 /* HomeViewController.swift */ = {isa = PBXFileReference; lastKnownFileType = sourcecode.swift; path = HomeViewController.swift; sourceTree = "<group>"; };
		7784F9BE29A3DF2A00487832 /* Assets.xcassets */ = {isa = PBXFileReference; lastKnownFileType = folder.assetcatalog; path = Assets.xcassets; sourceTree = "<group>"; };
		7784F9C129A3DF2A00487832 /* Base */ = {isa = PBXFileReference; lastKnownFileType = file.storyboard; name = Base; path = Base.lproj/LaunchScreen.storyboard; sourceTree = "<group>"; };
		7784F9C329A3DF2A00487832 /* Info.plist */ = {isa = PBXFileReference; lastKnownFileType = text.plist.xml; path = Info.plist; sourceTree = "<group>"; };
		7784F9CE29A3E17300487832 /* ProfileViewController.swift */ = {isa = PBXFileReference; lastKnownFileType = sourcecode.swift; path = ProfileViewController.swift; sourceTree = "<group>"; };
		7784F9D029A3E18700487832 /* SignInViewController.swift */ = {isa = PBXFileReference; lastKnownFileType = sourcecode.swift; path = SignInViewController.swift; sourceTree = "<group>"; };
		7784F9D229A3E19000487832 /* SignUpViewController.swift */ = {isa = PBXFileReference; lastKnownFileType = sourcecode.swift; path = SignUpViewController.swift; sourceTree = "<group>"; };
		7784F9D429A3E1A200487832 /* ViewPostViewController.swift */ = {isa = PBXFileReference; lastKnownFileType = sourcecode.swift; path = ViewPostViewController.swift; sourceTree = "<group>"; };
		7784F9D629A3E1BC00487832 /* CreateNewPostViewController.swift */ = {isa = PBXFileReference; lastKnownFileType = sourcecode.swift; path = CreateNewPostViewController.swift; sourceTree = "<group>"; };
		7784F9D829A3E1E500487832 /* TabBarViewController.swift */ = {isa = PBXFileReference; lastKnownFileType = sourcecode.swift; path = TabBarViewController.swift; sourceTree = "<group>"; };
		7784F9DA29A3E25800487832 /* IAPManager.swift */ = {isa = PBXFileReference; lastKnownFileType = sourcecode.swift; path = IAPManager.swift; sourceTree = "<group>"; };
		7784F9DC29A3E26800487832 /* DataBaseManager.swift */ = {isa = PBXFileReference; lastKnownFileType = sourcecode.swift; path = DataBaseManager.swift; sourceTree = "<group>"; };
		7784F9DE29A3E27200487832 /* AuthManager.swift */ = {isa = PBXFileReference; lastKnownFileType = sourcecode.swift; path = AuthManager.swift; sourceTree = "<group>"; };
		7784F9E029A3E27E00487832 /* StorageManager.swift */ = {isa = PBXFileReference; lastKnownFileType = sourcecode.swift; path = StorageManager.swift; sourceTree = "<group>"; };
		996F68A9676B1B462E8FB460 /* Pods-Thoughts.debug.xcconfig */ = {isa = PBXFileReference; includeInIndex = 1; lastKnownFileType = text.xcconfig; name = "Pods-Thoughts.debug.xcconfig"; path = "Target Support Files/Pods-Thoughts/Pods-Thoughts.debug.xcconfig"; sourceTree = "<group>"; };
		D2BE4D7CFA7577DCC2E1AF4D /* Pods-Thoughts.release.xcconfig */ = {isa = PBXFileReference; includeInIndex = 1; lastKnownFileType = text.xcconfig; name = "Pods-Thoughts.release.xcconfig"; path = "Target Support Files/Pods-Thoughts/Pods-Thoughts.release.xcconfig"; sourceTree = "<group>"; };
/* End PBXFileReference section */

/* Begin PBXFrameworksBuildPhase section */
		7784F9AF29A3DF2900487832 /* Frameworks */ = {
			isa = PBXFrameworksBuildPhase;
			buildActionMask = 2147483647;
			files = (
				1DD0A959CAAA17C3A93E0038 /* Pods_Thoughts.framework in Frameworks */,
			);
			runOnlyForDeploymentPostprocessing = 0;
		};
/* End PBXFrameworksBuildPhase section */

/* Begin PBXGroup section */
		527CC1A0E96BE5D6308EE861 /* Pods */ = {
			isa = PBXGroup;
			children = (
				996F68A9676B1B462E8FB460 /* Pods-Thoughts.debug.xcconfig */,
				D2BE4D7CFA7577DCC2E1AF4D /* Pods-Thoughts.release.xcconfig */,
			);
			path = Pods;
			sourceTree = "<group>";
		};
		6B84AE25C941F1EAD77ED889 /* Frameworks */ = {
			isa = PBXGroup;
			children = (
				175BBDD346E6D10FF0294CA1 /* Pods_Thoughts.framework */,
			);
			name = Frameworks;
			sourceTree = "<group>";
		};
		7784F9A929A3DF2900487832 = {
			isa = PBXGroup;
			children = (
				7784F9B429A3DF2900487832 /* Thoughts */,
				7784F9B329A3DF2900487832 /* Products */,
				527CC1A0E96BE5D6308EE861 /* Pods */,
				6B84AE25C941F1EAD77ED889 /* Frameworks */,
			);
			sourceTree = "<group>";
		};
		7784F9B329A3DF2900487832 /* Products */ = {
			isa = PBXGroup;
			children = (
				7784F9B229A3DF2900487832 /* Thoughts.app */,
			);
			name = Products;
			sourceTree = "<group>";
		};
		7784F9B429A3DF2900487832 /* Thoughts */ = {
			isa = PBXGroup;
			children = (
				7784F9CD29A3E0DF00487832 /* Managers */,
				7784F9CC29A3E0D800487832 /* Controllers */,
				7784F9CB29A3E0CF00487832 /* Other */,
				7784F9CA29A3E0C600487832 /* Views */,
				7784F9C929A3E0BC00487832 /* Models */,
				7784F9C329A3DF2A00487832 /* Info.plist */,
			);
			path = Thoughts;
			sourceTree = "<group>";
		};
		7784F9C929A3E0BC00487832 /* Models */ = {
			isa = PBXGroup;
			children = (
				776E0A5929A4BDCE00343F99 /* User.swift */,
				776E0A5B29A4BDDB00343F99 /* BlogPost.swift */,
			);
			path = Models;
			sourceTree = "<group>";
		};
		7784F9CA29A3E0C600487832 /* Views */ = {
			isa = PBXGroup;
			children = (
				7784F9C029A3DF2A00487832 /* LaunchScreen.storyboard */,
			);
			path = Views;
			sourceTree = "<group>";
		};
		7784F9CB29A3E0CF00487832 /* Other */ = {
			isa = PBXGroup;
			children = (
				7784F9B529A3DF2900487832 /* AppDelegate.swift */,
				7784F9B729A3DF2900487832 /* SceneDelegate.swift */,
				776E0A5729A4B5EE00343F99 /* GoogleService-Info.plist */,
				7784F9BE29A3DF2A00487832 /* Assets.xcassets */,
			);
			path = Other;
			sourceTree = "<group>";
		};
		7784F9CC29A3E0D800487832 /* Controllers */ = {
			isa = PBXGroup;
			children = (
				7784F9E229A3E49B00487832 /* Core Tabs */,
				7784F9E329A3E4AE00487832 /* Auth */,
				7784F9E429A3E4B900487832 /* Posts */,
			);
			path = Controllers;
			sourceTree = "<group>";
		};
		7784F9CD29A3E0DF00487832 /* Managers */ = {
			isa = PBXGroup;
			children = (
				7784F9DA29A3E25800487832 /* IAPManager.swift */,
				7784F9DC29A3E26800487832 /* DataBaseManager.swift */,
				7784F9DE29A3E27200487832 /* AuthManager.swift */,
				7784F9E029A3E27E00487832 /* StorageManager.swift */,
			);
			path = Managers;
			sourceTree = "<group>";
		};
		7784F9E229A3E49B00487832 /* Core Tabs */ = {
			isa = PBXGroup;
			children = (
				7784F9B929A3DF2900487832 /* HomeViewController.swift */,
				7784F9CE29A3E17300487832 /* ProfileViewController.swift */,
				7784F9D829A3E1E500487832 /* TabBarViewController.swift */,
			);
			path = "Core Tabs";
			sourceTree = "<group>";
		};
		7784F9E329A3E4AE00487832 /* Auth */ = {
			isa = PBXGroup;
			children = (
				7784F9D029A3E18700487832 /* SignInViewController.swift */,
				7784F9D229A3E19000487832 /* SignUpViewController.swift */,
			);
			path = Auth;
			sourceTree = "<group>";
		};
		7784F9E429A3E4B900487832 /* Posts */ = {
			isa = PBXGroup;
			children = (
				7784F9D429A3E1A200487832 /* ViewPostViewController.swift */,
				7784F9D629A3E1BC00487832 /* CreateNewPostViewController.swift */,
			);
			path = Posts;
			sourceTree = "<group>";
		};
/* End PBXGroup section */

/* Begin PBXNativeTarget section */
		7784F9B129A3DF2900487832 /* Thoughts */ = {
			isa = PBXNativeTarget;
			buildConfigurationList = 7784F9C629A3DF2A00487832 /* Build configuration list for PBXNativeTarget "Thoughts" */;
			buildPhases = (
				7110CD11975019E1D3475324 /* [CP] Check Pods Manifest.lock */,
				7784F9AE29A3DF2900487832 /* Sources */,
				7784F9AF29A3DF2900487832 /* Frameworks */,
				7784F9B029A3DF2900487832 /* Resources */,
				F61E632580D4E7B75FB95D19 /* [CP] Embed Pods Frameworks */,
			);
			buildRules = (
			);
			dependencies = (
			);
			name = Thoughts;
			productName = Thoughts;
			productReference = 7784F9B229A3DF2900487832 /* Thoughts.app */;
			productType = "com.apple.product-type.application";
		};
/* End PBXNativeTarget section */

/* Begin PBXProject section */
		7784F9AA29A3DF2900487832 /* Project object */ = {
			isa = PBXProject;
			attributes = {
				BuildIndependentTargetsInParallel = 1;
				LastSwiftUpdateCheck = 1420;
				LastUpgradeCheck = 1420;
				TargetAttributes = {
					7784F9B129A3DF2900487832 = {
						CreatedOnToolsVersion = 14.2;
					};
				};
			};
			buildConfigurationList = 7784F9AD29A3DF2900487832 /* Build configuration list for PBXProject "Thoughts" */;
			compatibilityVersion = "Xcode 14.0";
			developmentRegion = en;
			hasScannedForEncodings = 0;
			knownRegions = (
				en,
				Base,
			);
			mainGroup = 7784F9A929A3DF2900487832;
			productRefGroup = 7784F9B329A3DF2900487832 /* Products */;
			projectDirPath = "";
			projectRoot = "";
			targets = (
				7784F9B129A3DF2900487832 /* Thoughts */,
			);
		};
/* End PBXProject section */

/* Begin PBXResourcesBuildPhase section */
		7784F9B029A3DF2900487832 /* Resources */ = {
			isa = PBXResourcesBuildPhase;
			buildActionMask = 2147483647;
			files = (
				7784F9C229A3DF2A00487832 /* LaunchScreen.storyboard in Resources */,
				7784F9BF29A3DF2A00487832 /* Assets.xcassets in Resources */,
				776E0A5829A4B5EE00343F99 /* GoogleService-Info.plist in Resources */,
			);
			runOnlyForDeploymentPostprocessing = 0;
		};
/* End PBXResourcesBuildPhase section */

/* Begin PBXShellScriptBuildPhase section */
		7110CD11975019E1D3475324 /* [CP] Check Pods Manifest.lock */ = {
			isa = PBXShellScriptBuildPhase;
			buildActionMask = 2147483647;
			files = (
			);
			inputFileListPaths = (
			);
			inputPaths = (
				"${PODS_PODFILE_DIR_PATH}/Podfile.lock",
				"${PODS_ROOT}/Manifest.lock",
			);
			name = "[CP] Check Pods Manifest.lock";
			outputFileListPaths = (
			);
			outputPaths = (
				"$(DERIVED_FILE_DIR)/Pods-Thoughts-checkManifestLockResult.txt",
			);
			runOnlyForDeploymentPostprocessing = 0;
			shellPath = /bin/sh;
			shellScript = "diff \"${PODS_PODFILE_DIR_PATH}/Podfile.lock\" \"${PODS_ROOT}/Manifest.lock\" > /dev/null\nif [ $? != 0 ] ; then\n    # print error to STDERR\n    echo \"error: The sandbox is not in sync with the Podfile.lock. Run 'pod install' or update your CocoaPods installation.\" >&2\n    exit 1\nfi\n# This output is used by Xcode 'outputs' to avoid re-running this script phase.\necho \"SUCCESS\" > \"${SCRIPT_OUTPUT_FILE_0}\"\n";
			showEnvVarsInLog = 0;
		};
		F61E632580D4E7B75FB95D19 /* [CP] Embed Pods Frameworks */ = {
			isa = PBXShellScriptBuildPhase;
			buildActionMask = 2147483647;
			files = (
			);
			inputFileListPaths = (
				"${PODS_ROOT}/Target Support Files/Pods-Thoughts/Pods-Thoughts-frameworks-${CONFIGURATION}-input-files.xcfilelist",
			);
			name = "[CP] Embed Pods Frameworks";
			outputFileListPaths = (
				"${PODS_ROOT}/Target Support Files/Pods-Thoughts/Pods-Thoughts-frameworks-${CONFIGURATION}-output-files.xcfilelist",
			);
			runOnlyForDeploymentPostprocessing = 0;
			shellPath = /bin/sh;
			shellScript = "\"${PODS_ROOT}/Target Support Files/Pods-Thoughts/Pods-Thoughts-frameworks.sh\"\n";
			showEnvVarsInLog = 0;
		};
/* End PBXShellScriptBuildPhase section */

/* Begin PBXSourcesBuildPhase section */
		7784F9AE29A3DF2900487832 /* Sources */ = {
			isa = PBXSourcesBuildPhase;
			buildActionMask = 2147483647;
			files = (
				776E0A5C29A4BDDC00343F99 /* BlogPost.swift in Sources */,
				7784F9D329A3E19000487832 /* SignUpViewController.swift in Sources */,
				7784F9DF29A3E27200487832 /* AuthManager.swift in Sources */,
				7784F9D529A3E1A200487832 /* ViewPostViewController.swift in Sources */,
				7784F9DB29A3E25900487832 /* IAPManager.swift in Sources */,
				7784F9BA29A3DF2900487832 /* HomeViewController.swift in Sources */,
				7784F9B629A3DF2900487832 /* AppDelegate.swift in Sources */,
				776E0A5A29A4BDCE00343F99 /* User.swift in Sources */,
				7784F9D929A3E1E500487832 /* TabBarViewController.swift in Sources */,
				7784F9CF29A3E17300487832 /* ProfileViewController.swift in Sources */,
				7784F9D729A3E1BC00487832 /* CreateNewPostViewController.swift in Sources */,
				7784F9D129A3E18700487832 /* SignInViewController.swift in Sources */,
				7784F9B829A3DF2900487832 /* SceneDelegate.swift in Sources */,
				7784F9DD29A3E26800487832 /* DataBaseManager.swift in Sources */,
				7784F9E129A3E27E00487832 /* StorageManager.swift in Sources */,
			);
			runOnlyForDeploymentPostprocessing = 0;
		};
/* End PBXSourcesBuildPhase section */

/* Begin PBXVariantGroup section */
		7784F9C029A3DF2A00487832 /* LaunchScreen.storyboard */ = {
			isa = PBXVariantGroup;
			children = (
				7784F9C129A3DF2A00487832 /* Base */,
			);
			name = LaunchScreen.storyboard;
			sourceTree = "<group>";
		};
/* End PBXVariantGroup section */

/* Begin XCBuildConfiguration section */
		7784F9C429A3DF2A00487832 /* Debug */ = {
			isa = XCBuildConfiguration;
			buildSettings = {
				ALWAYS_SEARCH_USER_PATHS = NO;
				CLANG_ANALYZER_NONNULL = YES;
				CLANG_ANALYZER_NUMBER_OBJECT_CONVERSION = YES_AGGRESSIVE;
				CLANG_CXX_LANGUAGE_STANDARD = "gnu++20";
				CLANG_ENABLE_MODULES = YES;
				CLANG_ENABLE_OBJC_ARC = YES;
				CLANG_ENABLE_OBJC_WEAK = YES;
				CLANG_WARN_BLOCK_CAPTURE_AUTORELEASING = YES;
				CLANG_WARN_BOOL_CONVERSION = YES;
				CLANG_WARN_COMMA = YES;
				CLANG_WARN_CONSTANT_CONVERSION = YES;
				CLANG_WARN_DEPRECATED_OBJC_IMPLEMENTATIONS = YES;
				CLANG_WARN_DIRECT_OBJC_ISA_USAGE = YES_ERROR;
				CLANG_WARN_DOCUMENTATION_COMMENTS = YES;
				CLANG_WARN_EMPTY_BODY = YES;
				CLANG_WARN_ENUM_CONVERSION = YES;
				CLANG_WARN_INFINITE_RECURSION = YES;
				CLANG_WARN_INT_CONVERSION = YES;
				CLANG_WARN_NON_LITERAL_NULL_CONVERSION = YES;
				CLANG_WARN_OBJC_IMPLICIT_RETAIN_SELF = YES;
				CLANG_WARN_OBJC_LITERAL_CONVERSION = YES;
				CLANG_WARN_OBJC_ROOT_CLASS = YES_ERROR;
				CLANG_WARN_QUOTED_INCLUDE_IN_FRAMEWORK_HEADER = YES;
				CLANG_WARN_RANGE_LOOP_ANALYSIS = YES;
				CLANG_WARN_STRICT_PROTOTYPES = YES;
				CLANG_WARN_SUSPICIOUS_MOVE = YES;
				CLANG_WARN_UNGUARDED_AVAILABILITY = YES_AGGRESSIVE;
				CLANG_WARN_UNREACHABLE_CODE = YES;
				CLANG_WARN__DUPLICATE_METHOD_MATCH = YES;
				COPY_PHASE_STRIP = NO;
				DEBUG_INFORMATION_FORMAT = dwarf;
				ENABLE_STRICT_OBJC_MSGSEND = YES;
				ENABLE_TESTABILITY = YES;
				GCC_C_LANGUAGE_STANDARD = gnu11;
				GCC_DYNAMIC_NO_PIC = NO;
				GCC_NO_COMMON_BLOCKS = YES;
				GCC_OPTIMIZATION_LEVEL = 0;
				GCC_PREPROCESSOR_DEFINITIONS = (
					"DEBUG=1",
					"$(inherited)",
				);
				GCC_WARN_64_TO_32_BIT_CONVERSION = YES;
				GCC_WARN_ABOUT_RETURN_TYPE = YES_ERROR;
				GCC_WARN_UNDECLARED_SELECTOR = YES;
				GCC_WARN_UNINITIALIZED_AUTOS = YES_AGGRESSIVE;
				GCC_WARN_UNUSED_FUNCTION = YES;
				GCC_WARN_UNUSED_VARIABLE = YES;
				IPHONEOS_DEPLOYMENT_TARGET = 16.2;
				MTL_ENABLE_DEBUG_INFO = INCLUDE_SOURCE;
				MTL_FAST_MATH = YES;
				ONLY_ACTIVE_ARCH = YES;
				SDKROOT = iphoneos;
				SWIFT_ACTIVE_COMPILATION_CONDITIONS = DEBUG;
				SWIFT_OPTIMIZATION_LEVEL = "-Onone";
			};
			name = Debug;
		};
		7784F9C529A3DF2A00487832 /* Release */ = {
			isa = XCBuildConfiguration;
			buildSettings = {
				ALWAYS_SEARCH_USER_PATHS = NO;
				CLANG_ANALYZER_NONNULL = YES;
				CLANG_ANALYZER_NUMBER_OBJECT_CONVERSION = YES_AGGRESSIVE;
				CLANG_CXX_LANGUAGE_STANDARD = "gnu++20";
				CLANG_ENABLE_MODULES = YES;
				CLANG_ENABLE_OBJC_ARC = YES;
				CLANG_ENABLE_OBJC_WEAK = YES;
				CLANG_WARN_BLOCK_CAPTURE_AUTORELEASING = YES;
				CLANG_WARN_BOOL_CONVERSION = YES;
				CLANG_WARN_COMMA = YES;
				CLANG_WARN_CONSTANT_CONVERSION = YES;
				CLANG_WARN_DEPRECATED_OBJC_IMPLEMENTATIONS = YES;
				CLANG_WARN_DIRECT_OBJC_ISA_USAGE = YES_ERROR;
				CLANG_WARN_DOCUMENTATION_COMMENTS = YES;
				CLANG_WARN_EMPTY_BODY = YES;
				CLANG_WARN_ENUM_CONVERSION = YES;
				CLANG_WARN_INFINITE_RECURSION = YES;
				CLANG_WARN_INT_CONVERSION = YES;
				CLANG_WARN_NON_LITERAL_NULL_CONVERSION = YES;
				CLANG_WARN_OBJC_IMPLICIT_RETAIN_SELF = YES;
				CLANG_WARN_OBJC_LITERAL_CONVERSION = YES;
				CLANG_WARN_OBJC_ROOT_CLASS = YES_ERROR;
				CLANG_WARN_QUOTED_INCLUDE_IN_FRAMEWORK_HEADER = YES;
				CLANG_WARN_RANGE_LOOP_ANALYSIS = YES;
				CLANG_WARN_STRICT_PROTOTYPES = YES;
				CLANG_WARN_SUSPICIOUS_MOVE = YES;
				CLANG_WARN_UNGUARDED_AVAILABILITY = YES_AGGRESSIVE;
				CLANG_WARN_UNREACHABLE_CODE = YES;
				CLANG_WARN__DUPLICATE_METHOD_MATCH = YES;
				COPY_PHASE_STRIP = NO;
				DEBUG_INFORMATION_FORMAT = "dwarf-with-dsym";
				ENABLE_NS_ASSERTIONS = NO;
				ENABLE_STRICT_OBJC_MSGSEND = YES;
				GCC_C_LANGUAGE_STANDARD = gnu11;
				GCC_NO_COMMON_BLOCKS = YES;
				GCC_WARN_64_TO_32_BIT_CONVERSION = YES;
				GCC_WARN_ABOUT_RETURN_TYPE = YES_ERROR;
				GCC_WARN_UNDECLARED_SELECTOR = YES;
				GCC_WARN_UNINITIALIZED_AUTOS = YES_AGGRESSIVE;
				GCC_WARN_UNUSED_FUNCTION = YES;
				GCC_WARN_UNUSED_VARIABLE = YES;
				IPHONEOS_DEPLOYMENT_TARGET = 16.2;
				MTL_ENABLE_DEBUG_INFO = NO;
				MTL_FAST_MATH = YES;
				SDKROOT = iphoneos;
				SWIFT_COMPILATION_MODE = wholemodule;
				SWIFT_OPTIMIZATION_LEVEL = "-O";
				VALIDATE_PRODUCT = YES;
			};
			name = Release;
		};
		7784F9C729A3DF2A00487832 /* Debug */ = {
			isa = XCBuildConfiguration;
			baseConfigurationReference = 996F68A9676B1B462E8FB460 /* Pods-Thoughts.debug.xcconfig */;
			buildSettings = {
				ASSETCATALOG_COMPILER_APPICON_NAME = AppIcon;
				ASSETCATALOG_COMPILER_GLOBAL_ACCENT_COLOR_NAME = AccentColor;
				CODE_SIGN_STYLE = Automatic;
				CURRENT_PROJECT_VERSION = 1;
				DEVELOPMENT_TEAM = U7GMB7M496;
				GENERATE_INFOPLIST_FILE = YES;
				INFOPLIST_FILE = Thoughts/Info.plist;
				INFOPLIST_KEY_UIApplicationSupportsIndirectInputEvents = YES;
				INFOPLIST_KEY_UILaunchStoryboardName = LaunchScreen;
				INFOPLIST_KEY_UIMainStoryboardFile = "";
				INFOPLIST_KEY_UISupportedInterfaceOrientations = UIInterfaceOrientationPortrait;
				INFOPLIST_KEY_UISupportedInterfaceOrientations_iPad = "UIInterfaceOrientationLandscapeLeft UIInterfaceOrientationLandscapeRight UIInterfaceOrientationPortrait UIInterfaceOrientationPortraitUpsideDown";
				IPHONEOS_DEPLOYMENT_TARGET = 14.0;
				LD_RUNPATH_SEARCH_PATHS = (
					"$(inherited)",
					"@executable_path/Frameworks",
				);
				MARKETING_VERSION = 1.0;
				PRODUCT_BUNDLE_IDENTIFIER = shadyMark.Thoughts;
				PRODUCT_NAME = "$(TARGET_NAME)";
				SUPPORTED_PLATFORMS = "iphoneos iphonesimulator";
				SUPPORTS_MACCATALYST = NO;
				SUPPORTS_MAC_DESIGNED_FOR_IPHONE_IPAD = NO;
				SWIFT_EMIT_LOC_STRINGS = YES;
				SWIFT_VERSION = 5.0;
				TARGETED_DEVICE_FAMILY = 1;
			};
			name = Debug;
		};
		7784F9C829A3DF2A00487832 /* Release */ = {
			isa = XCBuildConfiguration;
			baseConfigurationReference = D2BE4D7CFA7577DCC2E1AF4D /* Pods-Thoughts.release.xcconfig */;
			buildSettings = {
				ASSETCATALOG_COMPILER_APPICON_NAME = AppIcon;
				ASSETCATALOG_COMPILER_GLOBAL_ACCENT_COLOR_NAME = AccentColor;
				CODE_SIGN_STYLE = Automatic;
				CURRENT_PROJECT_VERSION = 1;
				DEVELOPMENT_TEAM = U7GMB7M496;
				GENERATE_INFOPLIST_FILE = YES;
				INFOPLIST_FILE = Thoughts/Info.plist;
				INFOPLIST_KEY_UIApplicationSupportsIndirectInputEvents = YES;
				INFOPLIST_KEY_UILaunchStoryboardName = LaunchScreen;
				INFOPLIST_KEY_UIMainStoryboardFile = "";
				INFOPLIST_KEY_UISupportedInterfaceOrientations = UIInterfaceOrientationPortrait;
				INFOPLIST_KEY_UISupportedInterfaceOrientations_iPad = "UIInterfaceOrientationLandscapeLeft UIInterfaceOrientationLandscapeRight UIInterfaceOrientationPortrait UIInterfaceOrientationPortraitUpsideDown";
				IPHONEOS_DEPLOYMENT_TARGET = 14.0;
				LD_RUNPATH_SEARCH_PATHS = (
					"$(inherited)",
					"@executable_path/Frameworks",
				);
				MARKETING_VERSION = 1.0;
				PRODUCT_BUNDLE_IDENTIFIER = shadyMark.Thoughts;
				PRODUCT_NAME = "$(TARGET_NAME)";
				SUPPORTED_PLATFORMS = "iphoneos iphonesimulator";
				SUPPORTS_MACCATALYST = NO;
				SUPPORTS_MAC_DESIGNED_FOR_IPHONE_IPAD = NO;
				SWIFT_EMIT_LOC_STRINGS = YES;
				SWIFT_VERSION = 5.0;
				TARGETED_DEVICE_FAMILY = 1;
			};
			name = Release;
		};
/* End XCBuildConfiguration section */

/* Begin XCConfigurationList section */
		7784F9AD29A3DF2900487832 /* Build configuration list for PBXProject "Thoughts" */ = {
			isa = XCConfigurationList;
			buildConfigurations = (
				7784F9C429A3DF2A00487832 /* Debug */,
				7784F9C529A3DF2A00487832 /* Release */,
			);
			defaultConfigurationIsVisible = 0;
			defaultConfigurationName = Release;
		};
		7784F9C629A3DF2A00487832 /* Build configuration list for PBXNativeTarget "Thoughts" */ = {
			isa = XCConfigurationList;
			buildConfigurations = (
				7784F9C729A3DF2A00487832 /* Debug */,
				7784F9C829A3DF2A00487832 /* Release */,
			);
			defaultConfigurationIsVisible = 0;
			defaultConfigurationName = Release;
		};
/* End XCConfigurationList section */
	};
	rootObject = 7784F9AA29A3DF2900487832 /* Project object */;
}
